
Microsoft Visual Studio Solution File, Format Version 12.00
# Visual Studio 15
VisualStudioVersion = 15.0.28307.539
MinimumVisualStudioVersion = 10.0.40219.1
Project("{FAE04EC0-301F-11D3-BF4B-00C04F79EFBC}") = "SimpleArraySum", "SimpleArraySum\SimpleArraySum.csproj", "{2A102CF0-3F57-4F26-A82D-AB947B7314EF}"
EndProject
Global
	GlobalSection(SolutionConfigurationPlatforms) = preSolution
		Debug|Any CPU = Debug|Any CPU
		Release|Any CPU = Release|Any CPU
	EndGlobalSection
	GlobalSection(ProjectConfigurationPlatforms) = postSolution
		{2A102CF0-3F57-4F26-A82D-AB947B7314EF}.Debug|Any CPU.ActiveCfg = Debug|Any CPU
		{2A102CF0-3F57-4F26-A82D-AB947B7314EF}.Debug|Any CPU.Build.0 = Debug|Any CPU
		{2A102CF0-3F57-4F26-A82D-AB947B7314EF}.Release|Any CPU.ActiveCfg = Release|Any CPU
		{2A102CF0-3F57-4F26-A82D-AB947B7314EF}.Release|Any CPU.Build.0 = Release|Any CPU
	EndGlobalSection
	GlobalSection(SolutionProperties) = preSolution
		HideSolutionNode = FALSE
	EndGlobalSection
	GlobalSection(ExtensibilityGlobals) = postSolution
		SolutionGuid = {1DED1A1D-CD00-4085-94AC-3A9D4212734D}
	EndGlobalSection
EndGlobal
